
Microsoft Visual Studio Solution File, Format Version 12.00
# Visual Studio Version 17
VisualStudioVersion = 17.14.36408.4
MinimumVisualStudioVersion = 10.0.40219.1
Project("{FAE04EC0-301F-11D3-BF4B-00C04F79EFBC}") = "Ex2", "Ex2\Ex2.csproj", "{9890E838-A535-4937-A8B2-8B32C2938B43}"
EndProject
Project("{FAE04EC0-301F-11D3-BF4B-00C04F79EFBC}") = "Ex1", "Ex1\Ex1.csproj", "{964AC7B2-A821-41C1-831F-BA6B52D8D506}"
EndProject
Project("{FAE04EC0-301F-11D3-BF4B-00C04F79EFBC}") = "Ex3", "Ex3\Ex3.csproj", "{28EC79D4-FC21-4EDD-A8F7-CB905F7DF163}"
EndProject
Project("{FAE04EC0-301F-11D3-BF4B-00C04F79EFBC}") = "Ex4", "Ex4\Ex4.csproj", "{4C9206C1-37A2-4B65-9175-4D2DE7EF65F3}"
EndProject
Project("{FAE04EC0-301F-11D3-BF4B-00C04F79EFBC}") = "Ex5", "Ex5\Ex5.csproj", "{CD988AAC-0493-4544-85B4-354B15E137B4}"
EndProject
Project("{FAE04EC0-301F-11D3-BF4B-00C04F79EFBC}") = "Ex6", "Ex6\Ex6.csproj", "{A3809D48-B519-41B3-BAD5-967E359279AB}"
EndProject
Project("{FAE04EC0-301F-11D3-BF4B-00C04F79EFBC}") = "Ex5_", "Ex5_\Ex5_.csproj", "{15B54032-AC7B-4B61-A3B0-218194AF49BD}"
EndProject
Global
	GlobalSection(SolutionConfigurationPlatforms) = preSolution
		Debug|Any CPU = Debug|Any CPU
		Release|Any CPU = Release|Any CPU
	EndGlobalSection
	GlobalSection(ProjectConfigurationPlatforms) = postSolution
		{9890E838-A535-4937-A8B2-8B32C2938B43}.Debug|Any CPU.ActiveCfg = Debug|Any CPU
		{9890E838-A535-4937-A8B2-8B32C2938B43}.Debug|Any CPU.Build.0 = Debug|Any CPU
		{9890E838-A535-4937-A8B2-8B32C2938B43}.Release|Any CPU.ActiveCfg = Release|Any CPU
		{9890E838-A535-4937-A8B2-8B32C2938B43}.Release|Any CPU.Build.0 = Release|Any CPU
		{964AC7B2-A821-41C1-831F-BA6B52D8D506}.Debug|Any CPU.ActiveCfg = Debug|Any CPU
		{964AC7B2-A821-41C1-831F-BA6B52D8D506}.Debug|Any CPU.Build.0 = Debug|Any CPU
		{964AC7B2-A821-41C1-831F-BA6B52D8D506}.Release|Any CPU.ActiveCfg = Release|Any CPU
		{964AC7B2-A821-41C1-831F-BA6B52D8D506}.Release|Any CPU.Build.0 = Release|Any CPU
		{28EC79D4-FC21-4EDD-A8F7-CB905F7DF163}.Debug|Any CPU.ActiveCfg = Debug|Any CPU
		{28EC79D4-FC21-4EDD-A8F7-CB905F7DF163}.Debug|Any CPU.Build.0 = Debug|Any CPU
		{28EC79D4-FC21-4EDD-A8F7-CB905F7DF163}.Release|Any CPU.ActiveCfg = Release|Any CPU
		{28EC79D4-FC21-4EDD-A8F7-CB905F7DF163}.Release|Any CPU.Build.0 = Release|Any CPU
		{4C9206C1-37A2-4B65-9175-4D2DE7EF65F3}.Debug|Any CPU.ActiveCfg = Debug|Any CPU
		{4C9206C1-37A2-4B65-9175-4D2DE7EF65F3}.Debug|Any CPU.Build.0 = Debug|Any CPU
		{4C9206C1-37A2-4B65-9175-4D2DE7EF65F3}.Release|Any CPU.ActiveCfg = Release|Any CPU
		{4C9206C1-37A2-4B65-9175-4D2DE7EF65F3}.Release|Any CPU.Build.0 = Release|Any CPU
		{CD988AAC-0493-4544-85B4-354B15E137B4}.Debug|Any CPU.ActiveCfg = Debug|Any CPU
		{CD988AAC-0493-4544-85B4-354B15E137B4}.Debug|Any CPU.Build.0 = Debug|Any CPU
		{CD988AAC-0493-4544-85B4-354B15E137B4}.Release|Any CPU.ActiveCfg = Release|Any CPU
		{CD988AAC-0493-4544-85B4-354B15E137B4}.Release|Any CPU.Build.0 = Release|Any CPU
		{A3809D48-B519-41B3-BAD5-967E359279AB}.Debug|Any CPU.ActiveCfg = Debug|Any CPU
		{A3809D48-B519-41B3-BAD5-967E359279AB}.Debug|Any CPU.Build.0 = Debug|Any CPU
		{A3809D48-B519-41B3-BAD5-967E359279AB}.Release|Any CPU.ActiveCfg = Release|Any CPU
		{A3809D48-B519-41B3-BAD5-967E359279AB}.Release|Any CPU.Build.0 = Release|Any CPU
		{15B54032-AC7B-4B61-A3B0-218194AF49BD}.Debug|Any CPU.ActiveCfg = Debug|Any CPU
		{15B54032-AC7B-4B61-A3B0-218194AF49BD}.Debug|Any CPU.Build.0 = Debug|Any CPU
		{15B54032-AC7B-4B61-A3B0-218194AF49BD}.Release|Any CPU.ActiveCfg = Release|Any CPU
		{15B54032-AC7B-4B61-A3B0-218194AF49BD}.Release|Any CPU.Build.0 = Release|Any CPU
	EndGlobalSection
	GlobalSection(SolutionProperties) = preSolution
		HideSolutionNode = FALSE
	EndGlobalSection
	GlobalSection(ExtensibilityGlobals) = postSolution
		SolutionGuid = {55144C5D-22BF-4813-87FA-80A07B1CF653}
	EndGlobalSection
EndGlobal
